
Microsoft Visual Studio Solution File, Format Version 12.00
# Visual Studio Version 16
VisualStudioVersion = 16.0.29709.97
MinimumVisualStudioVersion = 10.0.40219.1
Project("{9A19103F-16F7-4668-BE54-9A1E7A4F7556}") = "PizzaBox_Data", "PizzaBox_Data\PizzaBox_Data.csproj", "{9785DD6C-D55E-40F7-A324-A10274BC744B}"
EndProject
Project("{9A19103F-16F7-4668-BE54-9A1E7A4F7556}") = "PizzaBox_Lib", "PizzaBox_Lib\PizzaBox_Lib.csproj", "{42F72CC3-00DA-44D7-AA5E-1E92EAD5FEB4}"
EndProject
Project("{9A19103F-16F7-4668-BE54-9A1E7A4F7556}") = "PizzaBox_Test", "PizzaBox_Test\PizzaBox_Test.csproj", "{ED0EF888-5A6A-498B-9EAE-C7DF53F8E096}"
EndProject
Project("{FAE04EC0-301F-11D3-BF4B-00C04F79EFBC}") = "PizzaBox_Web", "PizzaBox_Web\PizzaBox_Web.csproj", "{7A4D10C5-5290-4142-883A-66477F4BFD33}"
EndProject
Global
	GlobalSection(SolutionConfigurationPlatforms) = preSolution
		Debug|Any CPU = Debug|Any CPU
		Release|Any CPU = Release|Any CPU
	EndGlobalSection
	GlobalSection(ProjectConfigurationPlatforms) = postSolution
		{9785DD6C-D55E-40F7-A324-A10274BC744B}.Debug|Any CPU.ActiveCfg = Debug|Any CPU
		{9785DD6C-D55E-40F7-A324-A10274BC744B}.Debug|Any CPU.Build.0 = Debug|Any CPU
		{9785DD6C-D55E-40F7-A324-A10274BC744B}.Release|Any CPU.ActiveCfg = Release|Any CPU
		{9785DD6C-D55E-40F7-A324-A10274BC744B}.Release|Any CPU.Build.0 = Release|Any CPU
		{42F72CC3-00DA-44D7-AA5E-1E92EAD5FEB4}.Debug|Any CPU.ActiveCfg = Debug|Any CPU
		{42F72CC3-00DA-44D7-AA5E-1E92EAD5FEB4}.Debug|Any CPU.Build.0 = Debug|Any CPU
		{42F72CC3-00DA-44D7-AA5E-1E92EAD5FEB4}.Release|Any CPU.ActiveCfg = Release|Any CPU
		{42F72CC3-00DA-44D7-AA5E-1E92EAD5FEB4}.Release|Any CPU.Build.0 = Release|Any CPU
		{ED0EF888-5A6A-498B-9EAE-C7DF53F8E096}.Debug|Any CPU.ActiveCfg = Debug|Any CPU
		{ED0EF888-5A6A-498B-9EAE-C7DF53F8E096}.Debug|Any CPU.Build.0 = Debug|Any CPU
		{ED0EF888-5A6A-498B-9EAE-C7DF53F8E096}.Release|Any CPU.ActiveCfg = Release|Any CPU
		{ED0EF888-5A6A-498B-9EAE-C7DF53F8E096}.Release|Any CPU.Build.0 = Release|Any CPU
		{7A4D10C5-5290-4142-883A-66477F4BFD33}.Debug|Any CPU.ActiveCfg = Debug|Any CPU
		{7A4D10C5-5290-4142-883A-66477F4BFD33}.Debug|Any CPU.Build.0 = Debug|Any CPU
		{7A4D10C5-5290-4142-883A-66477F4BFD33}.Release|Any CPU.ActiveCfg = Release|Any CPU
		{7A4D10C5-5290-4142-883A-66477F4BFD33}.Release|Any CPU.Build.0 = Release|Any CPU
	EndGlobalSection
	GlobalSection(SolutionProperties) = preSolution
		HideSolutionNode = FALSE
	EndGlobalSection
	GlobalSection(ExtensibilityGlobals) = postSolution
		SolutionGuid = {152A118D-F00A-4F43-B50A-9C72605AA3C4}
	EndGlobalSection
EndGlobal
